
Microsoft Visual Studio Solution File, Format Version 12.00
# Visual Studio Version 16
VisualStudioVersion = 16.0.31613.86
MinimumVisualStudioVersion = 10.0.40219.1
Project("{FAE04EC0-301F-11D3-BF4B-00C04F79EFBC}") = "BTL1", "BTL1\BTL1.csproj", "{379CED37-AB2D-4115-9F77-9456D6EC02BA}"
EndProject
Global
	GlobalSection(SolutionConfigurationPlatforms) = preSolution
		Debug|Any CPU = Debug|Any CPU
		Release|Any CPU = Release|Any CPU
	EndGlobalSection
	GlobalSection(ProjectConfigurationPlatforms) = postSolution
		{379CED37-AB2D-4115-9F77-9456D6EC02BA}.Debug|Any CPU.ActiveCfg = Debug|Any CPU
		{379CED37-AB2D-4115-9F77-9456D6EC02BA}.Debug|Any CPU.Build.0 = Debug|Any CPU
		{379CED37-AB2D-4115-9F77-9456D6EC02BA}.Release|Any CPU.ActiveCfg = Release|Any CPU
		{379CED37-AB2D-4115-9F77-9456D6EC02BA}.Release|Any CPU.Build.0 = Release|Any CPU
	EndGlobalSection
	GlobalSection(SolutionProperties) = preSolution
		HideSolutionNode = FALSE
	EndGlobalSection
	GlobalSection(ExtensibilityGlobals) = postSolution
		SolutionGuid = {D975D824-0747-4BA9-903B-3090111FBD64}
	EndGlobalSection
EndGlobal
